# @generated - this file is auto-generated by `mise lock` https://mise.jdx.dev/dev-tools/mise-lock.html

[[tools.actionlint]]
version = "1.7.12"
backend = "aqua:rhysd/actionlint"

[tools.actionlint."platforms.linux-arm64"]
checksum = "sha256:325e971b6ba9bfa504672e29be93c24981eeb1c07576d730e9f7c8805afff0c6"
url = "https://github.com/rhysd/actionlint/releases/download/v1.7.12/actionlint_1.7.12_linux_arm64.tar.gz"
url_api = "https://api.github.com/repos/rhysd/actionlint/releases/assets/384924897"
provenance = "github-attestations"

[tools.actionlint."platforms.linux-arm64-musl"]
checksum = "sha256:325e971b6ba9bfa504672e29be93c24981eeb1c07576d730e9f7c8805afff0c6"
url = "https://github.com/rhysd/actionlint/releases/download/v1.7.12/actionlint_1.7.12_linux_arm64.tar.gz"
url_api = "https://api.github.com/repos/rhysd/actionlint/releases/assets/384924897"
provenance = "github-attestations"

[tools.actionlint."platforms.linux-x64"]
checksum = "sha256:8aca8db96f1b94770f1b0d72b6dddcb1ebb8123cb3712530b08cc387b349a3d8"
url = "https://github.com/rhysd/actionlint/releases/download/v1.7.12/actionlint_1.7.12_linux_amd64.tar.gz"
url_api = "https://api.github.com/repos/rhysd/actionlint/releases/assets/384924896"
provenance = "github-attestations"

[tools.actionlint."platforms.linux-x64-musl"]
checksum = "sha256:8aca8db96f1b94770f1b0d72b6dddcb1ebb8123cb3712530b08cc387b349a3d8"
url = "https://github.com/rhysd/actionlint/releases/download/v1.7.12/actionlint_1.7.12_linux_amd64.tar.gz"
url_api = "https://api.github.com/repos/rhysd/actionlint/releases/assets/384924896"
provenance = "github-attestations"

[tools.actionlint."platforms.macos-arm64"]
checksum = "sha256:aba9ced2dee8d27fecca3dc7feb1a7f9a52caefa1eb46f3271ea66b6e0e6953f"
url = "https://github.com/rhysd/actionlint/releases/download/v1.7.12/actionlint_1.7.12_darwin_arm64.tar.gz"
url_api = "https://api.github.com/repos/rhysd/actionlint/releases/assets/384924893"
provenance = "github-attestations"

[tools.actionlint."platforms.macos-x64"]
checksum = "sha256:5b44c3bc2255115c9b69e30efc0fecdf498fdb63c5d58e17084fd5f16324c644"
url = "https://github.com/rhysd/actionlint/releases/download/v1.7.12/actionlint_1.7.12_darwin_amd64.tar.gz"
url_api = "https://api.github.com/repos/rhysd/actionlint/releases/assets/384924880"
provenance = "github-attestations"

[tools.actionlint."platforms.windows-x64"]
checksum = "sha256:6e7241b51e6817ea6a047693d8e6fed13b31819c9a0dd6c5a726e1592d22f6e9"
url = "https://github.com/rhysd/actionlint/releases/download/v1.7.12/actionlint_1.7.12_windows_amd64.zip"
url_api = "https://api.github.com/repos/rhysd/actionlint/releases/assets/384924919"
provenance = "github-attestations"

[[tools.dprint]]
version = "0.55.1"
backend = "aqua:dprint/dprint"

[tools.dprint."platforms.linux-arm64"]
checksum = "sha256:2d414d659034650bc25b208a87ab427cd01a7ac6c21b3ed2191cf92e1b58f76c"
url = "https://github.com/dprint/dprint/releases/download/0.55.1/dprint-aarch64-unknown-linux-musl.zip"
url_api = "https://api.github.com/repos/dprint/dprint/releases/assets/460010446"

[tools.dprint."platforms.linux-arm64-musl"]
checksum = "sha256:2d414d659034650bc25b208a87ab427cd01a7ac6c21b3ed2191cf92e1b58f76c"
url = "https://github.com/dprint/dprint/releases/download/0.55.1/dprint-aarch64-unknown-linux-musl.zip"
url_api = "https://api.github.com/repos/dprint/dprint/releases/assets/460010446"

[tools.dprint."platforms.linux-x64"]
checksum = "sha256:7ce856d5999585e58666701eab5e0291abfb63953884d5dd0268001c89d74b8d"
url = "https://github.com/dprint/dprint/releases/download/0.55.1/dprint-x86_64-unknown-linux-musl.zip"
url_api = "https://api.github.com/repos/dprint/dprint/releases/assets/460010456"

[tools.dprint."platforms.linux-x64-musl"]
checksum = "sha256:7ce856d5999585e58666701eab5e0291abfb63953884d5dd0268001c89d74b8d"
url = "https://github.com/dprint/dprint/releases/download/0.55.1/dprint-x86_64-unknown-linux-musl.zip"
url_api = "https://api.github.com/repos/dprint/dprint/releases/assets/460010456"

[tools.dprint."platforms.macos-arm64"]
checksum = "sha256:94a9ce5ca91dbb609d4f22f2ccf28d8b422627c0944c6ee63d1beecac28f8cd4"
url = "https://github.com/dprint/dprint/releases/download/0.55.1/dprint-aarch64-apple-darwin.zip"
url_api = "https://api.github.com/repos/dprint/dprint/releases/assets/460010452"

[tools.dprint."platforms.macos-x64"]
checksum = "sha256:21f9784b3edf3b0a686932b4387359ebd83fba798ac2f7e2ba1e7b8c9f674e3e"
url = "https://github.com/dprint/dprint/releases/download/0.55.1/dprint-x86_64-apple-darwin.zip"
url_api = "https://api.github.com/repos/dprint/dprint/releases/assets/460010440"

[tools.dprint."platforms.windows-x64"]
checksum = "sha256:dfdee60f04810c14df310696ce680da7ece599cd27b162f77906adc80d5e9679"
url = "https://github.com/dprint/dprint/releases/download/0.55.1/dprint-x86_64-pc-windows-msvc.zip"
url_api = "https://api.github.com/repos/dprint/dprint/releases/assets/460010450"

[[tools.go]]
version = "1.26.5"
backend = "core:go"

[tools.go."platforms.linux-arm64"]
checksum = "sha256:fe4789e92b1f33358680864bbe8704289e7bb5fc207d80623c308935bd696d49"
url = "https://dl.google.com/go/go1.26.5.linux-arm64.tar.gz"

[tools.go."platforms.linux-arm64-musl"]
checksum = "sha256:fe4789e92b1f33358680864bbe8704289e7bb5fc207d80623c308935bd696d49"
url = "https://dl.google.com/go/go1.26.5.linux-arm64.tar.gz"

[tools.go."platforms.linux-x64"]
checksum = "sha256:5c2c3b16caefa1d968a94c1daca04a7ca301a496d9b086e17ad77bb81393f053"
url = "https://dl.google.com/go/go1.26.5.linux-amd64.tar.gz"

[tools.go."platforms.linux-x64-musl"]
checksum = "sha256:5c2c3b16caefa1d968a94c1daca04a7ca301a496d9b086e17ad77bb81393f053"
url = "https://dl.google.com/go/go1.26.5.linux-amd64.tar.gz"

[tools.go."platforms.macos-arm64"]
checksum = "sha256:efb87ff28af9a188d0536ef5d42e63dd52ba8263cd7344a993cc48dd11dedb6a"
url = "https://dl.google.com/go/go1.26.5.darwin-arm64.tar.gz"

[tools.go."platforms.macos-x64"]
checksum = "sha256:6231d8d3b8f5552ec6cbf6d685bdd5482e1e703214b120e89b3bf0d7bf1ef725"
url = "https://dl.google.com/go/go1.26.5.darwin-amd64.tar.gz"

[tools.go."platforms.windows-x64"]
checksum = "sha256:97e6b2a833b6d89f9ff17d25419ac0a7e3b482a044e9ab18cdef834bd834fd38"
url = "https://dl.google.com/go/go1.26.5.windows-amd64.zip"

[[tools.golangci-lint]]
version = "2.10.1"
backend = "aqua:golangci/golangci-lint"

[tools.golangci-lint."platforms.linux-arm64"]
checksum = "sha256:6652b42ae02915eb2f9cb2a2e0cac99514c8eded8388d88ae3e06e1a52c00de8"
url = "https://github.com/golangci/golangci-lint/releases/download/v2.10.1/golangci-lint-2.10.1-linux-arm64.tar.gz"
url_api = "https://api.github.com/repos/golangci/golangci-lint/releases/assets/357410046"
provenance = "github-attestations"

[tools.golangci-lint."platforms.linux-arm64-musl"]
checksum = "sha256:6652b42ae02915eb2f9cb2a2e0cac99514c8eded8388d88ae3e06e1a52c00de8"
url = "https://github.com/golangci/golangci-lint/releases/download/v2.10.1/golangci-lint-2.10.1-linux-arm64.tar.gz"
url_api = "https://api.github.com/repos/golangci/golangci-lint/releases/assets/357410046"
provenance = "github-attestations"

[tools.golangci-lint."platforms.linux-x64"]
checksum = "sha256:dfa775874cf0561b404a02a8f4481fc69b28091da95aa697259820d429b09c99"
url = "https://github.com/golangci/golangci-lint/releases/download/v2.10.1/golangci-lint-2.10.1-linux-amd64.tar.gz"
url_api = "https://api.github.com/repos/golangci/golangci-lint/releases/assets/357410026"
provenance = "github-attestations"

[tools.golangci-lint."platforms.linux-x64-musl"]
checksum = "sha256:dfa775874cf0561b404a02a8f4481fc69b28091da95aa697259820d429b09c99"
url = "https://github.com/golangci/golangci-lint/releases/download/v2.10.1/golangci-lint-2.10.1-linux-amd64.tar.gz"
url_api = "https://api.github.com/repos/golangci/golangci-lint/releases/assets/357410026"
provenance = "github-attestations"

[tools.golangci-lint."platforms.macos-arm64"]
checksum = "sha256:03bfadf67e52b441b7ec21305e501c717df93c959836d66c7f97312654acb297"
url = "https://github.com/golangci/golangci-lint/releases/download/v2.10.1/golangci-lint-2.10.1-darwin-arm64.tar.gz"
url_api = "https://api.github.com/repos/golangci/golangci-lint/releases/assets/357409949"
provenance = "github-attestations"

[tools.golangci-lint."platforms.macos-x64"]
checksum = "sha256:66fb0da81b8033b477f97eea420d4b46b230ca172b8bb87c6610109f3772b6b6"
url = "https://github.com/golangci/golangci-lint/releases/download/v2.10.1/golangci-lint-2.10.1-darwin-amd64.tar.gz"
url_api = "https://api.github.com/repos/golangci/golangci-lint/releases/assets/357409918"
provenance = "github-attestations"

[tools.golangci-lint."platforms.windows-x64"]
checksum = "sha256:c60c87695e79db8e320f0e5be885059859de52bb5ee5f11be5577828570bc2a3"
url = "https://github.com/golangci/golangci-lint/releases/download/v2.10.1/golangci-lint-2.10.1-windows-amd64.zip"
url_api = "https://api.github.com/repos/golangci/golangci-lint/releases/assets/357409946"
provenance = "github-attestations"

[[tools.prek]]
version = "0.4.8"
backend = "aqua:j178/prek"

[tools.prek."platforms.linux-arm64"]
checksum = "sha256:379108e6b2db7d49277ad2986446097f442b252ef27ff07bd0cbf716de982eb1"
url = "https://github.com/j178/prek/releases/download/v0.4.8/prek-aarch64-unknown-linux-musl.tar.gz"
url_api = "https://api.github.com/repos/j178/prek/releases/assets/466303287"
provenance = "github-attestations"

[tools.prek."platforms.linux-arm64-musl"]
checksum = "sha256:379108e6b2db7d49277ad2986446097f442b252ef27ff07bd0cbf716de982eb1"
url = "https://github.com/j178/prek/releases/download/v0.4.8/prek-aarch64-unknown-linux-musl.tar.gz"
url_api = "https://api.github.com/repos/j178/prek/releases/assets/466303287"
provenance = "github-attestations"

[tools.prek."platforms.linux-x64"]
checksum = "sha256:21df9ac0c3d3c047e424be612cc55f5b243546f9ef5cde12ed134752312bdf7b"
url = "https://github.com/j178/prek/releases/download/v0.4.8/prek-x86_64-unknown-linux-musl.tar.gz"
url_api = "https://api.github.com/repos/j178/prek/releases/assets/466303341"
provenance = "github-attestations"

[tools.prek."platforms.linux-x64-musl"]
checksum = "sha256:21df9ac0c3d3c047e424be612cc55f5b243546f9ef5cde12ed134752312bdf7b"
url = "https://github.com/j178/prek/releases/download/v0.4.8/prek-x86_64-unknown-linux-musl.tar.gz"
url_api = "https://api.github.com/repos/j178/prek/releases/assets/466303341"
provenance = "github-attestations"

[tools.prek."platforms.macos-arm64"]
checksum = "sha256:f0084a9b5ce467c00306b2b329cc929744e2723ed1e7c369929a60ab10196fcc"
url = "https://github.com/j178/prek/releases/download/v0.4.8/prek-aarch64-apple-darwin.tar.gz"
url_api = "https://api.github.com/repos/j178/prek/releases/assets/466303279"
provenance = "github-attestations"

[tools.prek."platforms.macos-x64"]
checksum = "sha256:dc402357bc5074791f4f1bcf5ce8622da38272e210ff84a551d3044e8da6f05d"
url = "https://github.com/j178/prek/releases/download/v0.4.8/prek-x86_64-apple-darwin.tar.gz"
url_api = "https://api.github.com/repos/j178/prek/releases/assets/466303322"
provenance = "github-attestations"

[tools.prek."platforms.windows-x64"]
checksum = "sha256:7c17dba682812ab24e04a4982dccc228dbf74b695444bd9fa8cbb8c1dc78664c"
url = "https://github.com/j178/prek/releases/download/v0.4.8/prek-x86_64-pc-windows-msvc.zip"
url_api = "https://api.github.com/repos/j178/prek/releases/assets/466303326"
provenance = "github-attestations"
